{
    "_meta": {
        "hash": {
            "sha256": "10d182b238e5b728b73db03bf75f4159c2c5e99f157de3d37449def1676ced8f"
        },
        "pipfile-spec": 6,
        "requires": {
            "python_version": "3.11"
        },
        "sources": [
            {
                "name": "pypi",
                "url": "https://pypi.org/simple",
                "verify_ssl": true
            }
        ]
    },
    "default": {
        "duckdb": {
            "hashes": [
                "sha256:02310d263474d0ac238646677feff47190ffb82544c018b2ff732a4cb462c6ef",
                "sha256:0b88cdbc0d5c3e3d7545a341784dc6cafd90fc035f17b2f04bf1e870c68456e5",
                "sha256:1128d6c9c33e883b1f5df6b57c1eb46b7ab1baf2650912d77ee769aaa05111f9",
                "sha256:19797670f20f430196e48d25d082a264b66150c264c1e8eae8e22c64c2c5f3f5",
                "sha256:1bea713c1925918714328da76e79a1f7651b2b503511498ccf5e007a7e67d49e",
                "sha256:21cbd4f9fe7b7a56eff96c3f4d6778770dd370469ca2212eddbae5dd63749db5",
                "sha256:224553432e84432ffb9684f33206572477049b371ce68cc313a01e214f2fbdda",
                "sha256:25dd69f44ad212c35ae2ea736b0e643ea2b70f204b8dff483af1491b0e2a4cec",
                "sha256:2c5a53bee3668d6e84c0536164589d5127b23d298e4c443d83f55e4150fafe61",
                "sha256:3207936da9967ddbb60644ec291eb934d5819b08169bc35d08b2dedbe7068c60",
                "sha256:39f1a46f5a45ad2886dc9b02ce5b484f437f90de66c327f86606d9ba4479d475",
                "sha256:3aadb99d098c5e32d00dc09421bc63a47134a6a0de9d7cd6abf21780b678663c",
                "sha256:445d0bb35087c522705c724a75f9f1c13f1eb017305b694d2686218d653c8142",
                "sha256:46d8395fbcea7231fd5032a250b673cc99352fef349b718a23dea2c0dd2b8dec",
                "sha256:4a8ce2d1f9e1c23b9bab3ae4ca7997e9822e21563ff8f646992663f66d050211",
                "sha256:5fa389e6a382d4707b5f3d1bc2087895925ebb92b77e9fe3bfb23c9b98372fdc",
                "sha256:6a8058d0148b544694cb5ea331db44f6c2a00a7b03776cc4dd1470735c3d5ff7",
                "sha256:6ad1fc1a4d57e7616944166a5f9417bdbca1ea65c490797e3786e3a42e162d8a",
                "sha256:752e9d412b0a2871bf615a2ede54be494c6dc289d076974eefbf3af28129c759",
                "sha256:75586791ab2702719c284157b65ecefe12d0cca9041da474391896ddd9aa71a4",
                "sha256:7ede6f5277dd851f1a4586b0c78dc93f6c26da45e12b23ee0e88c76519cbdbe0",
                "sha256:8355507f7a04bc0a3666958f4414a58e06141d603e91c0fa5a7c50e49867fb6d",
                "sha256:83b7091d4da3e9301c4f9378833f5ffe934fb1ad2b387b439ee067b2c10c8bb0",
                "sha256:83bb415fc7994e641344f3489e40430ce083b78963cb1057bf714ac3a58da3ba",
                "sha256:8da5f293ecb4f99daa9a9352c5fd1312a6ab02b464653a0c3a25ab7065c45d4d",
                "sha256:a1b6acdd54c4a7b43bd7cb584975a1b2ff88ea1a31607a2b734b17960e7d3088",
                "sha256:a2a059b77bc7d5b76ae9d88e267372deff19c291048d59450c431e166233d453",
                "sha256:a677bb1b6a8e7cab4a19874249d8144296e6e39dae38fce66a80f26d15e670df",
                "sha256:a6d29ba477b27ae41676b62c8fae8d04ee7cbe458127a44f6049888231ca58fa",
                "sha256:ac5a4afb0bc20725e734e0b2c17e99a274de4801aff0d4e765d276b99dad6d90",
                "sha256:af9128a2eb7e1bb50cd2c2020d825fb2946fdad0a2558920cd5411d998999334",
                "sha256:b71c342090fe117b35d866a91ad6bffce61cd6ff3e0cff4003f93fc1506da0d8",
                "sha256:b980713244d7708b25ee0a73de0c65f0e5521c47a0e907f5e1b933d79d972ef6",
                "sha256:ba1881a2b11c507cee18f8fd9ef10100be066fddaa2c20fba1f9a664245cd6d8",
                "sha256:bee2e0b415074e84c5a2cefd91f6b5ebeb4283e7196ba4ef65175a7cef298b57",
                "sha256:bfe67f3bcf181edbf6f918b8c963eb060e6aa26697d86590da4edc5707205450",
                "sha256:c65a7fe8a8ce21b985356ee3ec0c3d3b3b2234e288e64b4cfb03356dbe6e5583",
                "sha256:d3914032e47c4e76636ad986d466b63fdea65e37be8a6dfc484ed3f462c4fde4",
                "sha256:d7bce1bc0de9af9f47328e24e6e7e39da30093179b1c031897c042dd94a59c8e",
                "sha256:dbc6093a75242f002be1d96a6ace3fdf1d002c813e67baff52112e899de9292f",
                "sha256:dd2659a5dbc0df0de68f617a605bf12fe4da85ba24f67c08730984a0892087e8",
                "sha256:e40cb20e5ee19d44bc66ec99969af791702a049079dc5f248c33b1c56af055f4",
                "sha256:e5a8eda554379b3a43b07bad00968acc14dd3e518c9fbe8f128b484cf95e3d16",
                "sha256:ed228167c5d49888c5ef36f6f9cbf65011c2daf9dcb53ea8aa7a041ce567b3e4",
                "sha256:fa5a4110d2a499312609544ad0be61e85a5cdad90e5b6d75ad16b300bf075b90",
                "sha256:fd1693cdd15375156f7fff4745debc14e5c54928589f67b87fb8eace9880c370"
            ],
            "index": "pypi",
            "version": "==1.0.0"
        },
        "numpy": {
            "hashes": [
                "sha256:04494f6ec467ccb5369d1808570ae55f6ed9b5809d7f035059000a37b8d7e86f",
                "sha256:0a43f0974d501842866cc83471bdb0116ba0dffdbaac33ec05e6afed5b615238",
                "sha256:0e50842b2295ba8414c8c1d9d957083d5dfe9e16828b37de883f51fc53c4016f",
                "sha256:0ec84b9ba0654f3b962802edc91424331f423dcf5d5f926676e0150789cb3d95",
                "sha256:17067d097ed036636fa79f6a869ac26df7db1ba22039d962422506640314933a",
                "sha256:1cde1753efe513705a0c6d28f5884e22bdc30438bf0085c5c486cdaff40cd67a",
                "sha256:1e72728e7501a450288fc8e1f9ebc73d90cfd4671ebbd631f3e7857c39bd16f2",
                "sha256:2635dbd200c2d6faf2ef9a0d04f0ecc6b13b3cad54f7c67c61155138835515d2",
                "sha256:2ce46fd0b8a0c947ae047d222f7136fc4d55538741373107574271bc00e20e8f",
                "sha256:34f003cb88b1ba38cb9a9a4a3161c1604973d7f9d5552c38bc2f04f829536609",
                "sha256:354f373279768fa5a584bac997de6a6c9bc535c482592d7a813bb0c09be6c76f",
                "sha256:38ecb5b0582cd125f67a629072fed6f83562d9dd04d7e03256c9829bdec027ad",
                "sha256:3e8e01233d57639b2e30966c63d36fcea099d17c53bf424d77f088b0f4babd86",
                "sha256:3f6bed7f840d44c08ebdb73b1825282b801799e325bcbdfa6bc5c370e5aecc65",
                "sha256:4554eb96f0fd263041baf16cf0881b3f5dafae7a59b1049acb9540c4d57bc8cb",
                "sha256:46e161722e0f619749d1cd892167039015b2c2817296104487cd03ed4a955995",
                "sha256:49d9f7d256fbc804391a7f72d4a617302b1afac1112fac19b6c6cec63fe7fe8a",
                "sha256:4d2f62e55a4cd9c58c1d9a1c9edaedcd857a73cb6fda875bf79093f9d9086f85",
                "sha256:5f64641b42b2429f56ee08b4f427a4d2daf916ec59686061de751a55aafa22e4",
                "sha256:63b92c512d9dbcc37f9d81b123dec99fdb318ba38c8059afc78086fe73820275",
                "sha256:6d7696c615765091cc5093f76fd1fa069870304beaccfd58b5dcc69e55ef49c1",
                "sha256:79e843d186c8fb1b102bef3e2bc35ef81160ffef3194646a7fdd6a73c6b97196",
                "sha256:821eedb7165ead9eebdb569986968b541f9908979c2da8a4967ecac4439bae3d",
                "sha256:84554fc53daa8f6abf8e8a66e076aff6ece62de68523d9f665f32d2fc50fd66e",
                "sha256:8d83bb187fb647643bd56e1ae43f273c7f4dbcdf94550d7938cfc32566756514",
                "sha256:903703372d46bce88b6920a0cd86c3ad82dae2dbef157b5fc01b70ea1cfc430f",
                "sha256:9416a5c2e92ace094e9f0082c5fd473502c91651fb896bc17690d6fc475128d6",
                "sha256:9a1712c015831da583b21c5bfe15e8684137097969c6d22e8316ba66b5baabe4",
                "sha256:9c27f0946a3536403efb0e1c28def1ae6730a72cd0d5878db38824855e3afc44",
                "sha256:a356364941fb0593bb899a1076b92dfa2029f6f5b8ba88a14fd0984aaf76d0df",
                "sha256:a7039a136017eaa92c1848152827e1424701532ca8e8967fe480fe1569dae581",
                "sha256:acd3a644e4807e73b4e1867b769fbf1ce8c5d80e7caaef0d90dcdc640dfc9787",
                "sha256:ad0c86f3455fbd0de6c31a3056eb822fc939f81b1618f10ff3406971893b62a5",
                "sha256:b4c76e3d4c56f145d41b7b6751255feefae92edbc9a61e1758a98204200f30fc",
                "sha256:b6f6a8f45d0313db07d6d1d37bd0b112f887e1369758a5419c0370ba915b3871",
                "sha256:c5a59996dc61835133b56a32ebe4ef3740ea5bc19b3983ac60cc32be5a665d54",
                "sha256:c73aafd1afca80afecb22718f8700b40ac7cab927b8abab3c3e337d70e10e5a2",
                "sha256:cee6cc0584f71adefe2c908856ccc98702baf95ff80092e4ca46061538a2ba98",
                "sha256:cef04d068f5fb0518a77857953193b6bb94809a806bd0a14983a8f12ada060c9",
                "sha256:cf5d1c9e6837f8af9f92b6bd3e86d513cdc11f60fd62185cc49ec7d1aba34864",
                "sha256:e61155fae27570692ad1d327e81c6cf27d535a5d7ef97648a17d922224b216de",
                "sha256:e7f387600d424f91576af20518334df3d97bc76a300a755f9a8d6e4f5cadd289",
                "sha256:ed08d2703b5972ec736451b818c2eb9da80d66c3e84aed1deeb0c345fefe461b",
                "sha256:fbd6acc766814ea6443628f4e6751d0da6593dae29c08c0b2606164db026970c",
                "sha256:feff59f27338135776f6d4e2ec7aeeac5d5f7a08a83e80869121ef8164b74af9"
            ],
            "markers": "python_version >= '3.9'",
            "version": "==2.0.0"
        },
        "polars": {
            "hashes": [
                "sha256:00f62dec6bf43a4e2a5db58b99bf0e79699fe761c80ae665868eaea5168f3bbb",
                "sha256:24b82441f93409e0e8abd6f427b029db102f02b8de328cee9a680f84b84e3736",
                "sha256:2d7567c9fd9d3b9aa93387ca9880d9e8f7acea3c0a0555c03d8c0c2f0715d43c",
                "sha256:67f2fe842262b7e1b9371edad21b760f6734d28b74c78dda88dff1bf031b9499",
                "sha256:86454ade5ed302bbf87f145cfcb1b14f7a5765a9440e448659e1f3dba6ac4e79",
                "sha256:87f43bce4d41abf8c8c5658d881e4b8378e5c61010a696bfea8b4106b908e916"
            ],
            "index": "pypi",
            "version": "==0.20.31"
        },
        "py4j": {
            "hashes": [
                "sha256:0b6e5315bb3ada5cf62ac651d107bb2ebc02def3dee9d9548e3baac644ea8dbb",
                "sha256:85defdfd2b2376eb3abf5ca6474b51ab7e0de341c75a02f46dc9b5976f5a5c1b"
            ],
            "index": "pypi",
            "version": "==0.10.9.7"
        },
        "pyarrow": {
            "hashes": [
                "sha256:06ebccb6f8cb7357de85f60d5da50e83507954af617d7b05f48af1621d331c9a",
                "sha256:0d07de3ee730647a600037bc1d7b7994067ed64d0eba797ac74b2bc77384f4c2",
                "sha256:0d27bf89dfc2576f6206e9cd6cf7a107c9c06dc13d53bbc25b0bd4556f19cf5f",
                "sha256:0d32000693deff8dc5df444b032b5985a48592c0697cb6e3071a5d59888714e2",
                "sha256:15fbb22ea96d11f0b5768504a3f961edab25eaf4197c341720c4a387f6c60315",
                "sha256:17e23b9a65a70cc733d8b738baa6ad3722298fa0c81d88f63ff94bf25eaa77b9",
                "sha256:185d121b50836379fe012753cf15c4ba9638bda9645183ab36246923875f8d1b",
                "sha256:18da9b76a36a954665ccca8aa6bd9f46c1145f79c0bb8f4f244f5f8e799bca55",
                "sha256:19741c4dbbbc986d38856ee7ddfdd6a00fc3b0fc2d928795b95410d38bb97d15",
                "sha256:25233642583bf658f629eb230b9bb79d9af4d9f9229890b3c878699c82f7d11e",
                "sha256:2e51ca1d6ed7f2e9d5c3c83decf27b0d17bb207a7dea986e8dc3e24f80ff7d6f",
                "sha256:2e73cfc4a99e796727919c5541c65bb88b973377501e39b9842ea71401ca6c1c",
                "sha256:31a1851751433d89a986616015841977e0a188662fcffd1a5677453f1df2de0a",
                "sha256:3b20bd67c94b3a2ea0a749d2a5712fc845a69cb5d52e78e6449bbd295611f3aa",
                "sha256:4740cc41e2ba5d641071d0ab5e9ef9b5e6e8c7611351a5cb7c1d175eaf43674a",
                "sha256:48be160782c0556156d91adbdd5a4a7e719f8d407cb46ae3bb4eaee09b3111bd",
                "sha256:8785bb10d5d6fd5e15d718ee1d1f914fe768bf8b4d1e5e9bf253de8a26cb1628",
                "sha256:98100e0268d04e0eec47b73f20b39c45b4006f3c4233719c3848aa27a03c1aef",
                "sha256:99f7549779b6e434467d2aa43ab2b7224dd9e41bdde486020bae198978c9e05e",
                "sha256:9cf389d444b0f41d9fe1444b70650fea31e9d52cfcb5f818b7888b91b586efff",
                "sha256:a33a64576fddfbec0a44112eaf844c20853647ca833e9a647bfae0582b2ff94b",
                "sha256:a8914cd176f448e09746037b0c6b3a9d7688cef451ec5735094055116857580c",
                "sha256:b04707f1979815f5e49824ce52d1dceb46e2f12909a48a6a753fe7cafbc44a0c",
                "sha256:b5f5705ab977947a43ac83b52ade3b881eb6e95fcc02d76f501d549a210ba77f",
                "sha256:ba8ac20693c0bb0bf4b238751d4409e62852004a8cf031c73b0e0962b03e45e3",
                "sha256:bf9251264247ecfe93e5f5a0cd43b8ae834f1e61d1abca22da55b20c788417f6",
                "sha256:d0ebea336b535b37eee9eee31761813086d33ed06de9ab6fc6aaa0bace7b250c",
                "sha256:ddf5aace92d520d3d2a20031d8b0ec27b4395cab9f74e07cc95edf42a5cc0147",
                "sha256:ddfe389a08ea374972bd4065d5f25d14e36b43ebc22fc75f7b951f24378bf0b5",
                "sha256:e1369af39587b794873b8a307cc6623a3b1194e69399af0efd05bb202195a5a7",
                "sha256:e6b6d3cd35fbb93b70ade1336022cc1147b95ec6af7d36906ca7fe432eb09710",
                "sha256:f07fdffe4fd5b15f5ec15c8b64584868d063bc22b86b46c9695624ca3505b7b4",
                "sha256:f2c5fb249caa17b94e2b9278b36a05ce03d3180e6da0c4c3b3ce5b2788f30eed",
                "sha256:f68f409e7b283c085f2da014f9ef81e885d90dcd733bd648cfba3ef265961848",
                "sha256:fbef391b63f708e103df99fbaa3acf9f671d77a183a07546ba2f2c297b361e83",
                "sha256:febde33305f1498f6df85e8020bca496d0e9ebf2093bab9e0f65e2b4ae2b3444"
            ],
            "index": "pypi",
            "version": "==16.1.0"
        },
        "pyspark": {
            "hashes": [
                "sha256:dd6569e547365eadc4f887bf57f153e4d582a68c4b490de475d55b9981664910"
            ],
            "index": "pypi",
            "version": "==3.5.1"
        }
    },
    "develop": {}
}
